
Microsoft Visual Studio Solution File, Format Version 12.00
# Visual Studio Version 17
VisualStudioVersion = 17.14.36915.13
MinimumVisualStudioVersion = 10.0.40219.1
Project("{FAE04EC0-301F-11D3-BF4B-00C04F79EFBC}") = "VUMTS", "VUMTS\VUMTS.csproj", "{A3F08912-BBAB-4B0B-B076-DDE91A2D6D5B}"
EndProject
Project("{2150E333-8FDC-42A3-9474-1A3956D46DE8}") = "Projektmappenelemente", "Projektmappenelemente", "{84D27F74-D2BA-6C25-2661-968F101900D9}"
	ProjectSection(SolutionItems) = preProject
		VUMTS\ModelUltibot.cs = VUMTS\ModelUltibot.cs
	EndProjectSection
EndProject
Global
	GlobalSection(SolutionConfigurationPlatforms) = preSolution
		Debug|Any CPU = Debug|Any CPU
		Release|Any CPU = Release|Any CPU
	EndGlobalSection
	GlobalSection(ProjectConfigurationPlatforms) = postSolution
		{A3F08912-BBAB-4B0B-B076-DDE91A2D6D5B}.Debug|Any CPU.ActiveCfg = Debug|Any CPU
		{A3F08912-BBAB-4B0B-B076-DDE91A2D6D5B}.Debug|Any CPU.Build.0 = Debug|Any CPU
		{A3F08912-BBAB-4B0B-B076-DDE91A2D6D5B}.Release|Any CPU.ActiveCfg = Release|Any CPU
		{A3F08912-BBAB-4B0B-B076-DDE91A2D6D5B}.Release|Any CPU.Build.0 = Release|Any CPU
	EndGlobalSection
	GlobalSection(SolutionProperties) = preSolution
		HideSolutionNode = FALSE
	EndGlobalSection
	GlobalSection(ExtensibilityGlobals) = postSolution
		SolutionGuid = {8A21E6CF-CFB4-486F-9095-FCA9F367248A}
	EndGlobalSection
EndGlobal
